
Microsoft Visual Studio Solution File, Format Version 12.00
# Visual Studio 15
VisualStudioVersion = 15.0.26124.0
MinimumVisualStudioVersion = 15.0.26124.0
Project("{2150E333-8FDC-42A3-9474-1A3956D46DE8}") = "src", "src", "{938CE6B5-2388-4C3C-AAB5-B4D238D1F0F8}"
EndProject
Project("{FAE04EC0-301F-11D3-BF4B-00C04F79EFBC}") = "GradeBook", "src\GradeBook\GradeBook.csproj", "{CCBDCCC2-4D8D-4CA2-AC5D-C05A4FBA6B13}"
EndProject
Project("{2150E333-8FDC-42A3-9474-1A3956D46DE8}") = "test", "test", "{2DCBE3F0-461F-44E4-8A99-5F3FCEF59167}"
EndProject
Project("{FAE04EC0-301F-11D3-BF4B-00C04F79EFBC}") = "GradeBook.Tests", "test\GradeBook.Tests\GradeBook.Tests.csproj", "{7F00698B-2907-4A46-8414-BD8A9BDBE880}"
EndProject
Global
	GlobalSection(SolutionConfigurationPlatforms) = preSolution
		Debug|Any CPU = Debug|Any CPU
		Debug|x64 = Debug|x64
		Debug|x86 = Debug|x86
		Release|Any CPU = Release|Any CPU
		Release|x64 = Release|x64
		Release|x86 = Release|x86
	EndGlobalSection
	GlobalSection(SolutionProperties) = preSolution
		HideSolutionNode = FALSE
	EndGlobalSection
	GlobalSection(ProjectConfigurationPlatforms) = postSolution
		{CCBDCCC2-4D8D-4CA2-AC5D-C05A4FBA6B13}.Debug|Any CPU.ActiveCfg = Debug|Any CPU
		{CCBDCCC2-4D8D-4CA2-AC5D-C05A4FBA6B13}.Debug|Any CPU.Build.0 = Debug|Any CPU
		{CCBDCCC2-4D8D-4CA2-AC5D-C05A4FBA6B13}.Debug|x64.ActiveCfg = Debug|Any CPU
		{CCBDCCC2-4D8D-4CA2-AC5D-C05A4FBA6B13}.Debug|x64.Build.0 = Debug|Any CPU
		{CCBDCCC2-4D8D-4CA2-AC5D-C05A4FBA6B13}.Debug|x86.ActiveCfg = Debug|Any CPU
		{CCBDCCC2-4D8D-4CA2-AC5D-C05A4FBA6B13}.Debug|x86.Build.0 = Debug|Any CPU
		{CCBDCCC2-4D8D-4CA2-AC5D-C05A4FBA6B13}.Release|Any CPU.ActiveCfg = Release|Any CPU
		{CCBDCCC2-4D8D-4CA2-AC5D-C05A4FBA6B13}.Release|Any CPU.Build.0 = Release|Any CPU
		{CCBDCCC2-4D8D-4CA2-AC5D-C05A4FBA6B13}.Release|x64.ActiveCfg = Release|Any CPU
		{CCBDCCC2-4D8D-4CA2-AC5D-C05A4FBA6B13}.Release|x64.Build.0 = Release|Any CPU
		{CCBDCCC2-4D8D-4CA2-AC5D-C05A4FBA6B13}.Release|x86.ActiveCfg = Release|Any CPU
		{CCBDCCC2-4D8D-4CA2-AC5D-C05A4FBA6B13}.Release|x86.Build.0 = Release|Any CPU
		{7F00698B-2907-4A46-8414-BD8A9BDBE880}.Debug|Any CPU.ActiveCfg = Debug|Any CPU
		{7F00698B-2907-4A46-8414-BD8A9BDBE880}.Debug|Any CPU.Build.0 = Debug|Any CPU
		{7F00698B-2907-4A46-8414-BD8A9BDBE880}.Debug|x64.ActiveCfg = Debug|Any CPU
		{7F00698B-2907-4A46-8414-BD8A9BDBE880}.Debug|x64.Build.0 = Debug|Any CPU
		{7F00698B-2907-4A46-8414-BD8A9BDBE880}.Debug|x86.ActiveCfg = Debug|Any CPU
		{7F00698B-2907-4A46-8414-BD8A9BDBE880}.Debug|x86.Build.0 = Debug|Any CPU
		{7F00698B-2907-4A46-8414-BD8A9BDBE880}.Release|Any CPU.ActiveCfg = Release|Any CPU
		{7F00698B-2907-4A46-8414-BD8A9BDBE880}.Release|Any CPU.Build.0 = Release|Any CPU
		{7F00698B-2907-4A46-8414-BD8A9BDBE880}.Release|x64.ActiveCfg = Release|Any CPU
		{7F00698B-2907-4A46-8414-BD8A9BDBE880}.Release|x64.Build.0 = Release|Any CPU
		{7F00698B-2907-4A46-8414-BD8A9BDBE880}.Release|x86.ActiveCfg = Release|Any CPU
		{7F00698B-2907-4A46-8414-BD8A9BDBE880}.Release|x86.Build.0 = Release|Any CPU
	EndGlobalSection
	GlobalSection(NestedProjects) = preSolution
		{CCBDCCC2-4D8D-4CA2-AC5D-C05A4FBA6B13} = {938CE6B5-2388-4C3C-AAB5-B4D238D1F0F8}
		{7F00698B-2907-4A46-8414-BD8A9BDBE880} = {2DCBE3F0-461F-44E4-8A99-5F3FCEF59167}
	EndGlobalSection
EndGlobal
