
Microsoft Visual Studio Solution File, Format Version 12.00
# Visual Studio Version 16
VisualStudioVersion = 16.0.29613.14
MinimumVisualStudioVersion = 10.0.40219.1
Project("{FAE04EC0-301F-11D3-BF4B-00C04F79EFBC}") = "ACM.BL", "ACM.BL\ACM.BL.csproj", "{4ADAE831-C8F4-4DFD-8E1E-C23FA9051B7E}"
EndProject
Project("{2150E333-8FDC-42A3-9474-1A3956D46DE8}") = "Tests", "Tests", "{6B7F5C81-E141-4139-AA49-2595E9DCF1A3}"
EndProject
Project("{FAE04EC0-301F-11D3-BF4B-00C04F79EFBC}") = "ACM.BLTest", "Tests\ACM.BLTest\ACM.BLTest.csproj", "{EDACC2E8-D1D2-4375-B04C-25AD54B5E520}"
EndProject
Project("{FAE04EC0-301F-11D3-BF4B-00C04F79EFBC}") = "Acme.Common", "Acme.Common\Acme.Common.csproj", "{060AA533-E47B-4404-A7B3-1FFD5D89EACE}"
EndProject
Project("{FAE04EC0-301F-11D3-BF4B-00C04F79EFBC}") = "Acme.CommonTest", "Tests\Acme.CommonTest\Acme.CommonTest.csproj", "{AC32B457-2612-4070-8262-BFC7B7AEDD69}"
EndProject
Global
	GlobalSection(SolutionConfigurationPlatforms) = preSolution
		Debug|Any CPU = Debug|Any CPU
		Release|Any CPU = Release|Any CPU
	EndGlobalSection
	GlobalSection(ProjectConfigurationPlatforms) = postSolution
		{4ADAE831-C8F4-4DFD-8E1E-C23FA9051B7E}.Debug|Any CPU.ActiveCfg = Debug|Any CPU
		{4ADAE831-C8F4-4DFD-8E1E-C23FA9051B7E}.Debug|Any CPU.Build.0 = Debug|Any CPU
		{4ADAE831-C8F4-4DFD-8E1E-C23FA9051B7E}.Release|Any CPU.ActiveCfg = Release|Any CPU
		{4ADAE831-C8F4-4DFD-8E1E-C23FA9051B7E}.Release|Any CPU.Build.0 = Release|Any CPU
		{EDACC2E8-D1D2-4375-B04C-25AD54B5E520}.Debug|Any CPU.ActiveCfg = Debug|Any CPU
		{EDACC2E8-D1D2-4375-B04C-25AD54B5E520}.Debug|Any CPU.Build.0 = Debug|Any CPU
		{EDACC2E8-D1D2-4375-B04C-25AD54B5E520}.Release|Any CPU.ActiveCfg = Release|Any CPU
		{EDACC2E8-D1D2-4375-B04C-25AD54B5E520}.Release|Any CPU.Build.0 = Release|Any CPU
		{060AA533-E47B-4404-A7B3-1FFD5D89EACE}.Debug|Any CPU.ActiveCfg = Debug|Any CPU
		{060AA533-E47B-4404-A7B3-1FFD5D89EACE}.Debug|Any CPU.Build.0 = Debug|Any CPU
		{060AA533-E47B-4404-A7B3-1FFD5D89EACE}.Release|Any CPU.ActiveCfg = Release|Any CPU
		{060AA533-E47B-4404-A7B3-1FFD5D89EACE}.Release|Any CPU.Build.0 = Release|Any CPU
		{AC32B457-2612-4070-8262-BFC7B7AEDD69}.Debug|Any CPU.ActiveCfg = Debug|Any CPU
		{AC32B457-2612-4070-8262-BFC7B7AEDD69}.Debug|Any CPU.Build.0 = Debug|Any CPU
		{AC32B457-2612-4070-8262-BFC7B7AEDD69}.Release|Any CPU.ActiveCfg = Release|Any CPU
		{AC32B457-2612-4070-8262-BFC7B7AEDD69}.Release|Any CPU.Build.0 = Release|Any CPU
	EndGlobalSection
	GlobalSection(SolutionProperties) = preSolution
		HideSolutionNode = FALSE
	EndGlobalSection
	GlobalSection(NestedProjects) = preSolution
		{EDACC2E8-D1D2-4375-B04C-25AD54B5E520} = {6B7F5C81-E141-4139-AA49-2595E9DCF1A3}
		{AC32B457-2612-4070-8262-BFC7B7AEDD69} = {6B7F5C81-E141-4139-AA49-2595E9DCF1A3}
	EndGlobalSection
	GlobalSection(ExtensibilityGlobals) = postSolution
		SolutionGuid = {3D128A9B-747E-4A8B-B4ED-62E93E39ED74}
	EndGlobalSection
EndGlobal
