
Microsoft Visual Studio Solution File, Format Version 12.00
# Visual Studio Version 16
VisualStudioVersion = 16.0.29728.190
MinimumVisualStudioVersion = 10.0.40219.1
Project("{9A19103F-16F7-4668-BE54-9A1E7A4F7556}") = "WebApi_AutoMapper", "WebApi_AutoMapper.csproj", "{29A86FB6-2128-4FAC-AC36-67070E529A35}"
EndProject
Global
	GlobalSection(SolutionConfigurationPlatforms) = preSolution
		Debug|Any CPU = Debug|Any CPU
		Release|Any CPU = Release|Any CPU
	EndGlobalSection
	GlobalSection(ProjectConfigurationPlatforms) = postSolution
		{29A86FB6-2128-4FAC-AC36-67070E529A35}.Debug|Any CPU.ActiveCfg = Debug|Any CPU
		{29A86FB6-2128-4FAC-AC36-67070E529A35}.Debug|Any CPU.Build.0 = Debug|Any CPU
		{29A86FB6-2128-4FAC-AC36-67070E529A35}.Release|Any CPU.ActiveCfg = Release|Any CPU
		{29A86FB6-2128-4FAC-AC36-67070E529A35}.Release|Any CPU.Build.0 = Release|Any CPU
	EndGlobalSection
	GlobalSection(SolutionProperties) = preSolution
		HideSolutionNode = FALSE
	EndGlobalSection
	GlobalSection(ExtensibilityGlobals) = postSolution
		SolutionGuid = {1B865396-D385-4794-81CE-B7B1B7A0296F}
	EndGlobalSection
EndGlobal
